
Microsoft Visual Studio Solution File, Format Version 12.00
# Visual Studio Version 17
VisualStudioVersion = 17.4.33110.190
MinimumVisualStudioVersion = 10.0.40219.1
Project("{FAE04EC0-301F-11D3-BF4B-00C04F79EFBC}") = "Cookies", "Cookies\Cookies.csproj", "{DC63DC13-6753-40F7-951B-5A09760A8139}"
EndProject
Global
	GlobalSection(SolutionConfigurationPlatforms) = preSolution
		Debug|Any CPU = Debug|Any CPU
		Release|Any CPU = Release|Any CPU
	EndGlobalSection
	GlobalSection(ProjectConfigurationPlatforms) = postSolution
		{DC63DC13-6753-40F7-951B-5A09760A8139}.Debug|Any CPU.ActiveCfg = Debug|Any CPU
		{DC63DC13-6753-40F7-951B-5A09760A8139}.Debug|Any CPU.Build.0 = Debug|Any CPU
		{DC63DC13-6753-40F7-951B-5A09760A8139}.Release|Any CPU.ActiveCfg = Release|Any CPU
		{DC63DC13-6753-40F7-951B-5A09760A8139}.Release|Any CPU.Build.0 = Release|Any CPU
	EndGlobalSection
	GlobalSection(SolutionProperties) = preSolution
		HideSolutionNode = FALSE
	EndGlobalSection
	GlobalSection(ExtensibilityGlobals) = postSolution
		SolutionGuid = {DC111DAB-1965-481A-8110-85649BB08664}
	EndGlobalSection
EndGlobal
